// !$*UTF8*$!
{
	archiveVersion = 1;
	classes = {
	};
	objectVersion = 77;
	objects = {

/* Begin PBXBuildFile section */
		FE461BEA2CCBBFA4004CDBEC /* DiscussionView.swift in Sources */ = {isa = PBXBuildFile; fileRef = FE461BE92CCBBFA4004CDBEC /* DiscussionView.swift */; };
		FE5C360F2CBAEB9D00E84CCC /* AuthenticationView.swift in Sources */ = {isa = PBXBuildFile; fileRef = FE5C35EE2CBAEB9D00E84CCC /* AuthenticationView.swift */; };
		FE5C36102CBAEB9D00E84CCC /* SignInView.swift in Sources */ = {isa = PBXBuildFile; fileRef = FE5C35EF2CBAEB9D00E84CCC /* SignInView.swift */; };
		FE5C36112CBAEB9D00E84CCC /* SignUpView.swift in Sources */ = {isa = PBXBuildFile; fileRef = FE5C35F02CBAEB9D00E84CCC /* SignUpView.swift */; };
		FE5C36132CBAEB9D00E84CCC /* ImageBase64View.swift in Sources */ = {isa = PBXBuildFile; fileRef = FE5C35F32CBAEB9D00E84CCC /* ImageBase64View.swift */; };
		FE5C36142CBAEB9D00E84CCC /* ForumView.swift in Sources */ = {isa = PBXBuildFile; fileRef = FE5C35F52CBAEB9D00E84CCC /* ForumView.swift */; };
		FE5C36152CBAEB9D00E84CCC /* HeaderCardView.swift in Sources */ = {isa = PBXBuildFile; fileRef = FE5C35F72CBAEB9D00E84CCC /* HeaderCardView.swift */; };
		FE5C36162CBAEB9D00E84CCC /* HomeCellView.swift in Sources */ = {isa = PBXBuildFile; fileRef = FE5C35F82CBAEB9D00E84CCC /* HomeCellView.swift */; };
		FE5C36172CBAEB9D00E84CCC /* ConsultationDetailView.swift in Sources */ = {isa = PBXBuildFile; fileRef = FE5C35FA2CBAEB9D00E84CCC /* ConsultationDetailView.swift */; };
		FE5C36182CBAEB9D00E84CCC /* HomeView.swift in Sources */ = {isa = PBXBuildFile; fileRef = FE5C35FB2CBAEB9D00E84CCC /* HomeView.swift */; };
		FE5C36192CBAEB9D00E84CCC /* PollsView.swift in Sources */ = {isa = PBXBuildFile; fileRef = FE5C35FD2CBAEB9D00E84CCC /* PollsView.swift */; };
		FE5C361A2CBAEB9D00E84CCC /* SettingsView.swift in Sources */ = {isa = PBXBuildFile; fileRef = FE5C35FF2CBAEB9D00E84CCC /* SettingsView.swift */; };
		FE5C361B2CBAEB9D00E84CCC /* ProfileView.swift in Sources */ = {isa = PBXBuildFile; fileRef = FE5C36012CBAEB9D00E84CCC /* ProfileView.swift */; };
		FE5C361C2CBAEB9D00E84CCC /* TabbarView.swift in Sources */ = {isa = PBXBuildFile; fileRef = FE5C36032CBAEB9D00E84CCC /* TabbarView.swift */; };
		FE5C361D2CBAEB9D00E84CCC /* RootView.swift in Sources */ = {isa = PBXBuildFile; fileRef = FE5C36052CBAEB9D00E84CCC /* RootView.swift */; };
		FE5C361E2CBAEB9D00E84CCC /* Constants.swift in Sources */ = {isa = PBXBuildFile; fileRef = FE5C36072CBAEB9D00E84CCC /* Constants.swift */; };
		FE5C361F2CBAEB9D00E84CCC /* GradientTest.swift in Sources */ = {isa = PBXBuildFile; fileRef = FE5C36082CBAEB9D00E84CCC /* GradientTest.swift */; };
		FE5C36202CBAEB9D00E84CCC /* ContentView.swift in Sources */ = {isa = PBXBuildFile; fileRef = FE5C360B2CBAEB9D00E84CCC /* ContentView.swift */; };
		FE5C36212CBAEB9D00E84CCC /* OnboardingView.swift in Sources */ = {isa = PBXBuildFile; fileRef = FE5C360C2CBAEB9D00E84CCC /* OnboardingView.swift */; };
		FE5C36222CBAEB9D00E84CCC /* SocialConsultations_SwiftUIApp.swift in Sources */ = {isa = PBXBuildFile; fileRef = FE5C360D2CBAEB9D00E84CCC /* SocialConsultations_SwiftUIApp.swift */; };
		FE5C36232CBAEB9D00E84CCC /* Preview Assets.xcassets in Resources */ = {isa = PBXBuildFile; fileRef = FE5C35EC2CBAEB9D00E84CCC /* Preview Assets.xcassets */; };
		FE5C36242CBAEB9D00E84CCC /* Assets.xcassets in Resources */ = {isa = PBXBuildFile; fileRef = FE5C360A2CBAEB9D00E84CCC /* Assets.xcassets */; };
		FE5C36272CBAEFA500E84CCC /* View+Ext.swift in Sources */ = {isa = PBXBuildFile; fileRef = FE5C36262CBAEF9C00E84CCC /* View+Ext.swift */; };
		FE5C36672CBC4BC300E84CCC /* TestView.swift in Sources */ = {isa = PBXBuildFile; fileRef = FE5C36662CBC4BC300E84CCC /* TestView.swift */; };
		FE76CD492CBD71830087B7CB /* ConsultationsView.swift in Sources */ = {isa = PBXBuildFile; fileRef = FE76CD482CBD71830087B7CB /* ConsultationsView.swift */; };
		FE76CD4B2CBD87B60087B7CB /* PollsDetailView.swift in Sources */ = {isa = PBXBuildFile; fileRef = FE76CD4A2CBD87B60087B7CB /* PollsDetailView.swift */; };
		FEC79F0C2CBE915200956B15 /* ForumDetailView.swift in Sources */ = {isa = PBXBuildFile; fileRef = FEC79F0B2CBE915200956B15 /* ForumDetailView.swift */; };
		FEC79F0E2CBE9ACC00956B15 /* CategoryContext.swift in Sources */ = {isa = PBXBuildFile; fileRef = FEC79F0D2CBE9AC600956B15 /* CategoryContext.swift */; };
		FEC79F112CBEA64C00956B15 /* PostCell.swift in Sources */ = {isa = PBXBuildFile; fileRef = FEC79F102CBEA64C00956B15 /* PostCell.swift */; };
		FEC79F132CBEBB5800956B15 /* Color+Ext.swift in Sources */ = {isa = PBXBuildFile; fileRef = FEC79F122CBEBB5200956B15 /* Color+Ext.swift */; };
		FEC79F152CBEC89F00956B15 /* ForumCell.swift in Sources */ = {isa = PBXBuildFile; fileRef = FEC79F142CBEC89F00956B15 /* ForumCell.swift */; };
		FEFCFF292CC830C80031119B /* ButtonViewModifiers.swift in Sources */ = {isa = PBXBuildFile; fileRef = FEFCFF282CC830C80031119B /* ButtonViewModifiers.swift */; };
		FEFCFF2C2CC839030031119B /* TextFieldViewModifiers.swift in Sources */ = {isa = PBXBuildFile; fileRef = FEFCFF2B2CC839030031119B /* TextFieldViewModifiers.swift */; };
/* End PBXBuildFile section */

/* Begin PBXFileReference section */
		FE461BE92CCBBFA4004CDBEC /* DiscussionView.swift */ = {isa = PBXFileReference; lastKnownFileType = sourcecode.swift; path = DiscussionView.swift; sourceTree = "<group>"; };
		FE5C35EC2CBAEB9D00E84CCC /* Preview Assets.xcassets */ = {isa = PBXFileReference; lastKnownFileType = folder.assetcatalog; path = "Preview Assets.xcassets"; sourceTree = "<group>"; };
		FE5C35EE2CBAEB9D00E84CCC /* AuthenticationView.swift */ = {isa = PBXFileReference; lastKnownFileType = sourcecode.swift; path = AuthenticationView.swift; sourceTree = "<group>"; };
		FE5C35EF2CBAEB9D00E84CCC /* SignInView.swift */ = {isa = PBXFileReference; lastKnownFileType = sourcecode.swift; path = SignInView.swift; sourceTree = "<group>"; };
		FE5C35F02CBAEB9D00E84CCC /* SignUpView.swift */ = {isa = PBXFileReference; lastKnownFileType = sourcecode.swift; path = SignUpView.swift; sourceTree = "<group>"; };
		FE5C35F32CBAEB9D00E84CCC /* ImageBase64View.swift */ = {isa = PBXFileReference; lastKnownFileType = sourcecode.swift; path = ImageBase64View.swift; sourceTree = "<group>"; };
		FE5C35F52CBAEB9D00E84CCC /* ForumView.swift */ = {isa = PBXFileReference; lastKnownFileType = sourcecode.swift; path = ForumView.swift; sourceTree = "<group>"; };
		FE5C35F72CBAEB9D00E84CCC /* HeaderCardView.swift */ = {isa = PBXFileReference; lastKnownFileType = sourcecode.swift; path = HeaderCardView.swift; sourceTree = "<group>"; };
		FE5C35F82CBAEB9D00E84CCC /* HomeCellView.swift */ = {isa = PBXFileReference; lastKnownFileType = sourcecode.swift; path = HomeCellView.swift; sourceTree = "<group>"; };
		FE5C35FA2CBAEB9D00E84CCC /* ConsultationDetailView.swift */ = {isa = PBXFileReference; lastKnownFileType = sourcecode.swift; path = ConsultationDetailView.swift; sourceTree = "<group>"; };
		FE5C35FB2CBAEB9D00E84CCC /* HomeView.swift */ = {isa = PBXFileReference; lastKnownFileType = sourcecode.swift; path = HomeView.swift; sourceTree = "<group>"; };
		FE5C35FD2CBAEB9D00E84CCC /* PollsView.swift */ = {isa = PBXFileReference; lastKnownFileType = sourcecode.swift; path = PollsView.swift; sourceTree = "<group>"; };
		FE5C35FF2CBAEB9D00E84CCC /* SettingsView.swift */ = {isa = PBXFileReference; lastKnownFileType = sourcecode.swift; path = SettingsView.swift; sourceTree = "<group>"; };
		FE5C36012CBAEB9D00E84CCC /* ProfileView.swift */ = {isa = PBXFileReference; lastKnownFileType = sourcecode.swift; path = ProfileView.swift; sourceTree = "<group>"; };
		FE5C36032CBAEB9D00E84CCC /* TabbarView.swift */ = {isa = PBXFileReference; lastKnownFileType = sourcecode.swift; path = TabbarView.swift; sourceTree = "<group>"; };
		FE5C36052CBAEB9D00E84CCC /* RootView.swift */ = {isa = PBXFileReference; lastKnownFileType = sourcecode.swift; path = RootView.swift; sourceTree = "<group>"; };
		FE5C36072CBAEB9D00E84CCC /* Constants.swift */ = {isa = PBXFileReference; lastKnownFileType = sourcecode.swift; path = Constants.swift; sourceTree = "<group>"; };
		FE5C36082CBAEB9D00E84CCC /* GradientTest.swift */ = {isa = PBXFileReference; lastKnownFileType = sourcecode.swift; path = GradientTest.swift; sourceTree = "<group>"; };
		FE5C360A2CBAEB9D00E84CCC /* Assets.xcassets */ = {isa = PBXFileReference; lastKnownFileType = folder.assetcatalog; path = Assets.xcassets; sourceTree = "<group>"; };
		FE5C360B2CBAEB9D00E84CCC /* ContentView.swift */ = {isa = PBXFileReference; lastKnownFileType = sourcecode.swift; path = ContentView.swift; sourceTree = "<group>"; };
		FE5C360C2CBAEB9D00E84CCC /* OnboardingView.swift */ = {isa = PBXFileReference; lastKnownFileType = sourcecode.swift; path = OnboardingView.swift; sourceTree = "<group>"; };
		FE5C360D2CBAEB9D00E84CCC /* SocialConsultations_SwiftUIApp.swift */ = {isa = PBXFileReference; lastKnownFileType = sourcecode.swift; path = SocialConsultations_SwiftUIApp.swift; sourceTree = "<group>"; };
		FE5C36262CBAEF9C00E84CCC /* View+Ext.swift */ = {isa = PBXFileReference; lastKnownFileType = sourcecode.swift; path = "View+Ext.swift"; sourceTree = "<group>"; };
		FE5C36662CBC4BC300E84CCC /* TestView.swift */ = {isa = PBXFileReference; lastKnownFileType = sourcecode.swift; path = TestView.swift; sourceTree = "<group>"; };
		FE76CD482CBD71830087B7CB /* ConsultationsView.swift */ = {isa = PBXFileReference; lastKnownFileType = sourcecode.swift; path = ConsultationsView.swift; sourceTree = "<group>"; };
		FE76CD4A2CBD87B60087B7CB /* PollsDetailView.swift */ = {isa = PBXFileReference; lastKnownFileType = sourcecode.swift; path = PollsDetailView.swift; sourceTree = "<group>"; };
		FEC79F0B2CBE915200956B15 /* ForumDetailView.swift */ = {isa = PBXFileReference; lastKnownFileType = sourcecode.swift; path = ForumDetailView.swift; sourceTree = "<group>"; };
		FEC79F0D2CBE9AC600956B15 /* CategoryContext.swift */ = {isa = PBXFileReference; lastKnownFileType = sourcecode.swift; path = CategoryContext.swift; sourceTree = "<group>"; };
		FEC79F102CBEA64C00956B15 /* PostCell.swift */ = {isa = PBXFileReference; lastKnownFileType = sourcecode.swift; path = PostCell.swift; sourceTree = "<group>"; };
		FEC79F122CBEBB5200956B15 /* Color+Ext.swift */ = {isa = PBXFileReference; lastKnownFileType = sourcecode.swift; path = "Color+Ext.swift"; sourceTree = "<group>"; };
		FEC79F142CBEC89F00956B15 /* ForumCell.swift */ = {isa = PBXFileReference; lastKnownFileType = sourcecode.swift; path = ForumCell.swift; sourceTree = "<group>"; };
		FECD353E2CB568DA002A0777 /* SocialConsultations-SwiftUI.app */ = {isa = PBXFileReference; explicitFileType = wrapper.application; includeInIndex = 0; path = "SocialConsultations-SwiftUI.app"; sourceTree = BUILT_PRODUCTS_DIR; };
		FEFCFF282CC830C80031119B /* ButtonViewModifiers.swift */ = {isa = PBXFileReference; lastKnownFileType = sourcecode.swift; path = ButtonViewModifiers.swift; sourceTree = "<group>"; };
		FEFCFF2B2CC839030031119B /* TextFieldViewModifiers.swift */ = {isa = PBXFileReference; lastKnownFileType = sourcecode.swift; path = TextFieldViewModifiers.swift; sourceTree = "<group>"; };
/* End PBXFileReference section */

/* Begin PBXFrameworksBuildPhase section */
		FECD353B2CB568DA002A0777 /* Frameworks */ = {
			isa = PBXFrameworksBuildPhase;
			buildActionMask = 2147483647;
			files = (
			);
			runOnlyForDeploymentPostprocessing = 0;
		};
/* End PBXFrameworksBuildPhase section */

/* Begin PBXGroup section */
		FE5866562CCFF3A20023A364 /* Managers */ = {
			isa = PBXGroup;
			children = (
			);
			path = Managers;
			sourceTree = "<group>";
		};
		FE5C35ED2CBAEB9D00E84CCC /* Preview Content */ = {
			isa = PBXGroup;
			children = (
				FE5C35EC2CBAEB9D00E84CCC /* Preview Assets.xcassets */,
			);
			path = "Preview Content";
			sourceTree = "<group>";
		};
		FE5C35F12CBAEB9D00E84CCC /* Authentication */ = {
			isa = PBXGroup;
			children = (
				FE5C35EE2CBAEB9D00E84CCC /* AuthenticationView.swift */,
				FE5C35EF2CBAEB9D00E84CCC /* SignInView.swift */,
				FE5C35F02CBAEB9D00E84CCC /* SignUpView.swift */,
			);
			path = Authentication;
			sourceTree = "<group>";
		};
		FE5C35F42CBAEB9D00E84CCC /* Components */ = {
			isa = PBXGroup;
			children = (
				FEFCFF2A2CC838E50031119B /* ViewModifiers */,
				FE5C35F32CBAEB9D00E84CCC /* ImageBase64View.swift */,
				FE5C36662CBC4BC300E84CCC /* TestView.swift */,
			);
			path = Components;
			sourceTree = "<group>";
		};
		FE5C35F62CBAEB9D00E84CCC /* Forum */ = {
			isa = PBXGroup;
			children = (
				FE5C35F52CBAEB9D00E84CCC /* ForumView.swift */,
				FEC79F0B2CBE915200956B15 /* ForumDetailView.swift */,
				FEC79F0F2CBEA61A00956B15 /* Components */,
			);
			path = Forum;
			sourceTree = "<group>";
		};
		FE5C35F92CBAEB9D00E84CCC /* Components */ = {
			isa = PBXGroup;
			children = (
				FE5C35F72CBAEB9D00E84CCC /* HeaderCardView.swift */,
				FE5C35F82CBAEB9D00E84CCC /* HomeCellView.swift */,
			);
			path = Components;
			sourceTree = "<group>";
		};
		FE5C35FC2CBAEB9D00E84CCC /* Home */ = {
			isa = PBXGroup;
			children = (
				FE76CD462CBD712C0087B7CB /* Societies */,
				FE76CD472CBD714E0087B7CB /* Consultations */,
				FE5C35F92CBAEB9D00E84CCC /* Components */,
			);
			path = Home;
			sourceTree = "<group>";
		};
		FE5C35FE2CBAEB9D00E84CCC /* Polls */ = {
			isa = PBXGroup;
			children = (
				FE5C35FD2CBAEB9D00E84CCC /* PollsView.swift */,
				FE76CD4A2CBD87B60087B7CB /* PollsDetailView.swift */,
			);
			path = Polls;
			sourceTree = "<group>";
		};
		FE5C36002CBAEB9D00E84CCC /* Settings */ = {
			isa = PBXGroup;
			children = (
				FE5C35FF2CBAEB9D00E84CCC /* SettingsView.swift */,
			);
			path = Settings;
			sourceTree = "<group>";
		};
		FE5C36022CBAEB9D00E84CCC /* Profile */ = {
			isa = PBXGroup;
			children = (
				FE5C36012CBAEB9D00E84CCC /* ProfileView.swift */,
				FE5C36002CBAEB9D00E84CCC /* Settings */,
			);
			path = Profile;
			sourceTree = "<group>";
		};
		FE5C36042CBAEB9D00E84CCC /* Tabbar */ = {
			isa = PBXGroup;
			children = (
				FE5C36032CBAEB9D00E84CCC /* TabbarView.swift */,
			);
			path = Tabbar;
			sourceTree = "<group>";
		};
		FE5C36062CBAEB9D00E84CCC /* Screens */ = {
			isa = PBXGroup;
			children = (
				FE5C36052CBAEB9D00E84CCC /* RootView.swift */,
				FE5C36042CBAEB9D00E84CCC /* Tabbar */,
				FE5C35F12CBAEB9D00E84CCC /* Authentication */,
				FE5C35FC2CBAEB9D00E84CCC /* Home */,
				FE5C35F62CBAEB9D00E84CCC /* Forum */,
				FE5C35FE2CBAEB9D00E84CCC /* Polls */,
				FE5C36022CBAEB9D00E84CCC /* Profile */,
			);
			path = Screens;
			sourceTree = "<group>";
		};
		FE5C36092CBAEB9D00E84CCC /* Utils */ = {
			isa = PBXGroup;
			children = (
				FEC79F0D2CBE9AC600956B15 /* CategoryContext.swift */,
				FE5C36072CBAEB9D00E84CCC /* Constants.swift */,
				FE5C36082CBAEB9D00E84CCC /* GradientTest.swift */,
				FE5C36252CBAEF8E00E84CCC /* Extensions */,
			);
			path = Utils;
			sourceTree = "<group>";
		};
		FE5C360E2CBAEB9D00E84CCC /* SocialConsultations-SwiftUI */ = {
			isa = PBXGroup;
			children = (
				FE5C360D2CBAEB9D00E84CCC /* SocialConsultations_SwiftUIApp.swift */,
				FE5C360B2CBAEB9D00E84CCC /* ContentView.swift */,
				FE5C360C2CBAEB9D00E84CCC /* OnboardingView.swift */,
				FE5C360A2CBAEB9D00E84CCC /* Assets.xcassets */,
				FE5C36092CBAEB9D00E84CCC /* Utils */,
				FE5C35F42CBAEB9D00E84CCC /* Components */,
				FE5866562CCFF3A20023A364 /* Managers */,
				FE5C36062CBAEB9D00E84CCC /* Screens */,
				FE5C35ED2CBAEB9D00E84CCC /* Preview Content */,
			);
			path = "SocialConsultations-SwiftUI";
			sourceTree = "<group>";
		};
		FE5C36252CBAEF8E00E84CCC /* Extensions */ = {
			isa = PBXGroup;
			children = (
				FEC79F122CBEBB5200956B15 /* Color+Ext.swift */,
				FE5C36262CBAEF9C00E84CCC /* View+Ext.swift */,
			);
			path = Extensions;
			sourceTree = "<group>";
		};
		FE76CD462CBD712C0087B7CB /* Societies */ = {
			isa = PBXGroup;
			children = (
				FE5C35FB2CBAEB9D00E84CCC /* HomeView.swift */,
			);
			path = Societies;
			sourceTree = "<group>";
		};
		FE76CD472CBD714E0087B7CB /* Consultations */ = {
			isa = PBXGroup;
			children = (
				FE76CD482CBD71830087B7CB /* ConsultationsView.swift */,
				FE5C35FA2CBAEB9D00E84CCC /* ConsultationDetailView.swift */,
				FE461BE92CCBBFA4004CDBEC /* DiscussionView.swift */,
			);
			path = Consultations;
			sourceTree = "<group>";
		};
		FEC79F0F2CBEA61A00956B15 /* Components */ = {
			isa = PBXGroup;
			children = (
				FEC79F142CBEC89F00956B15 /* ForumCell.swift */,
				FEC79F102CBEA64C00956B15 /* PostCell.swift */,
			);
			path = Components;
			sourceTree = "<group>";
		};
		FECD35352CB568DA002A0777 = {
			isa = PBXGroup;
			children = (
				FE5C360E2CBAEB9D00E84CCC /* SocialConsultations-SwiftUI */,
				FECD353F2CB568DA002A0777 /* Products */,
			);
			sourceTree = "<group>";
		};
		FECD353F2CB568DA002A0777 /* Products */ = {
			isa = PBXGroup;
			children = (
				FECD353E2CB568DA002A0777 /* SocialConsultations-SwiftUI.app */,
			);
			name = Products;
			sourceTree = "<group>";
		};
		FEFCFF2A2CC838E50031119B /* ViewModifiers */ = {
			isa = PBXGroup;
			children = (
				FEFCFF282CC830C80031119B /* ButtonViewModifiers.swift */,
				FEFCFF2B2CC839030031119B /* TextFieldViewModifiers.swift */,
			);
			path = ViewModifiers;
			sourceTree = "<group>";
		};
/* End PBXGroup section */

/* Begin PBXNativeTarget section */
		FECD353D2CB568DA002A0777 /* SocialConsultations-SwiftUI */ = {
			isa = PBXNativeTarget;
			buildConfigurationList = FECD354C2CB568DB002A0777 /* Build configuration list for PBXNativeTarget "SocialConsultations-SwiftUI" */;
			buildPhases = (
				FECD353A2CB568DA002A0777 /* Sources */,
				FECD353B2CB568DA002A0777 /* Frameworks */,
				FECD353C2CB568DA002A0777 /* Resources */,
			);
			buildRules = (
			);
			dependencies = (
			);
			name = "SocialConsultations-SwiftUI";
			packageProductDependencies = (
			);
			productName = "SocialConsultations-SwiftUI";
			productReference = FECD353E2CB568DA002A0777 /* SocialConsultations-SwiftUI.app */;
			productType = "com.apple.product-type.application";
		};
/* End PBXNativeTarget section */

/* Begin PBXProject section */
		FECD35362CB568DA002A0777 /* Project object */ = {
			isa = PBXProject;
			attributes = {
				BuildIndependentTargetsInParallel = 1;
				LastSwiftUpdateCheck = 1600;
				LastUpgradeCheck = 1600;
				TargetAttributes = {
					FECD353D2CB568DA002A0777 = {
						CreatedOnToolsVersion = 16.0;
					};
				};
			};
			buildConfigurationList = FECD35392CB568DA002A0777 /* Build configuration list for PBXProject "SocialConsultations-SwiftUI" */;
			developmentRegion = en;
			hasScannedForEncodings = 0;
			knownRegions = (
				en,
				Base,
			);
			mainGroup = FECD35352CB568DA002A0777;
			minimizedProjectReferenceProxies = 1;
			preferredProjectObjectVersion = 77;
			productRefGroup = FECD353F2CB568DA002A0777 /* Products */;
			projectDirPath = "";
			projectRoot = "";
			targets = (
				FECD353D2CB568DA002A0777 /* SocialConsultations-SwiftUI */,
			);
		};
/* End PBXProject section */

/* Begin PBXResourcesBuildPhase section */
		FECD353C2CB568DA002A0777 /* Resources */ = {
			isa = PBXResourcesBuildPhase;
			buildActionMask = 2147483647;
			files = (
				FE5C36232CBAEB9D00E84CCC /* Preview Assets.xcassets in Resources */,
				FE5C36242CBAEB9D00E84CCC /* Assets.xcassets in Resources */,
			);
			runOnlyForDeploymentPostprocessing = 0;
		};
/* End PBXResourcesBuildPhase section */

/* Begin PBXSourcesBuildPhase section */
		FECD353A2CB568DA002A0777 /* Sources */ = {
			isa = PBXSourcesBuildPhase;
			buildActionMask = 2147483647;
			files = (
				FE5C360F2CBAEB9D00E84CCC /* AuthenticationView.swift in Sources */,
				FE5C36102CBAEB9D00E84CCC /* SignInView.swift in Sources */,
				FE5C36672CBC4BC300E84CCC /* TestView.swift in Sources */,
				FEC79F152CBEC89F00956B15 /* ForumCell.swift in Sources */,
				FEC79F0E2CBE9ACC00956B15 /* CategoryContext.swift in Sources */,
				FE5C36112CBAEB9D00E84CCC /* SignUpView.swift in Sources */,
				FE5C36132CBAEB9D00E84CCC /* ImageBase64View.swift in Sources */,
				FE5C36142CBAEB9D00E84CCC /* ForumView.swift in Sources */,
				FE5C36152CBAEB9D00E84CCC /* HeaderCardView.swift in Sources */,
				FE5C36162CBAEB9D00E84CCC /* HomeCellView.swift in Sources */,
				FE5C36172CBAEB9D00E84CCC /* ConsultationDetailView.swift in Sources */,
				FE76CD492CBD71830087B7CB /* ConsultationsView.swift in Sources */,
				FEC79F132CBEBB5800956B15 /* Color+Ext.swift in Sources */,
				FEFCFF2C2CC839030031119B /* TextFieldViewModifiers.swift in Sources */,
				FE5C36182CBAEB9D00E84CCC /* HomeView.swift in Sources */,
				FE5C36192CBAEB9D00E84CCC /* PollsView.swift in Sources */,
				FE5C361A2CBAEB9D00E84CCC /* SettingsView.swift in Sources */,
				FE461BEA2CCBBFA4004CDBEC /* DiscussionView.swift in Sources */,
				FE5C361B2CBAEB9D00E84CCC /* ProfileView.swift in Sources */,
				FEC79F112CBEA64C00956B15 /* PostCell.swift in Sources */,
				FE5C361C2CBAEB9D00E84CCC /* TabbarView.swift in Sources */,
				FE5C36272CBAEFA500E84CCC /* View+Ext.swift in Sources */,
				FE5C361D2CBAEB9D00E84CCC /* RootView.swift in Sources */,
				FE5C361E2CBAEB9D00E84CCC /* Constants.swift in Sources */,
				FE76CD4B2CBD87B60087B7CB /* PollsDetailView.swift in Sources */,
				FE5C361F2CBAEB9D00E84CCC /* GradientTest.swift in Sources */,
				FEFCFF292CC830C80031119B /* ButtonViewModifiers.swift in Sources */,
				FE5C36202CBAEB9D00E84CCC /* ContentView.swift in Sources */,
				FE5C36212CBAEB9D00E84CCC /* OnboardingView.swift in Sources */,
				FE5C36222CBAEB9D00E84CCC /* SocialConsultations_SwiftUIApp.swift in Sources */,
				FEC79F0C2CBE915200956B15 /* ForumDetailView.swift in Sources */,
			);
			runOnlyForDeploymentPostprocessing = 0;
		};
/* End PBXSourcesBuildPhase section */

/* Begin XCBuildConfiguration section */
		FECD354A2CB568DB002A0777 /* Debug */ = {
			isa = XCBuildConfiguration;
			buildSettings = {
				ALWAYS_SEARCH_USER_PATHS = NO;
				ASSETCATALOG_COMPILER_GENERATE_SWIFT_ASSET_SYMBOL_EXTENSIONS = YES;
				CLANG_ANALYZER_NONNULL = YES;
				CLANG_ANALYZER_NUMBER_OBJECT_CONVERSION = YES_AGGRESSIVE;
				CLANG_CXX_LANGUAGE_STANDARD = "gnu++20";
				CLANG_ENABLE_MODULES = YES;
				CLANG_ENABLE_OBJC_ARC = YES;
				CLANG_ENABLE_OBJC_WEAK = YES;
				CLANG_WARN_BLOCK_CAPTURE_AUTORELEASING = YES;
				CLANG_WARN_BOOL_CONVERSION = YES;
				CLANG_WARN_COMMA = YES;
				CLANG_WARN_CONSTANT_CONVERSION = YES;
				CLANG_WARN_DEPRECATED_OBJC_IMPLEMENTATIONS = YES;
				CLANG_WARN_DIRECT_OBJC_ISA_USAGE = YES_ERROR;
				CLANG_WARN_DOCUMENTATION_COMMENTS = YES;
				CLANG_WARN_EMPTY_BODY = YES;
				CLANG_WARN_ENUM_CONVERSION = YES;
				CLANG_WARN_INFINITE_RECURSION = YES;
				CLANG_WARN_INT_CONVERSION = YES;
				CLANG_WARN_NON_LITERAL_NULL_CONVERSION = YES;
				CLANG_WARN_OBJC_IMPLICIT_RETAIN_SELF = YES;
				CLANG_WARN_OBJC_LITERAL_CONVERSION = YES;
				CLANG_WARN_OBJC_ROOT_CLASS = YES_ERROR;
				CLANG_WARN_QUOTED_INCLUDE_IN_FRAMEWORK_HEADER = YES;
				CLANG_WARN_RANGE_LOOP_ANALYSIS = YES;
				CLANG_WARN_STRICT_PROTOTYPES = YES;
				CLANG_WARN_SUSPICIOUS_MOVE = YES;
				CLANG_WARN_UNGUARDED_AVAILABILITY = YES_AGGRESSIVE;
				CLANG_WARN_UNREACHABLE_CODE = YES;
				CLANG_WARN__DUPLICATE_METHOD_MATCH = YES;
				COPY_PHASE_STRIP = NO;
				DEBUG_INFORMATION_FORMAT = dwarf;
				ENABLE_STRICT_OBJC_MSGSEND = YES;
				ENABLE_TESTABILITY = YES;
				ENABLE_USER_SCRIPT_SANDBOXING = YES;
				GCC_C_LANGUAGE_STANDARD = gnu17;
				GCC_DYNAMIC_NO_PIC = NO;
				GCC_NO_COMMON_BLOCKS = YES;
				GCC_OPTIMIZATION_LEVEL = 0;
				GCC_PREPROCESSOR_DEFINITIONS = (
					"DEBUG=1",
					"$(inherited)",
				);
				GCC_WARN_64_TO_32_BIT_CONVERSION = YES;
				GCC_WARN_ABOUT_RETURN_TYPE = YES_ERROR;
				GCC_WARN_UNDECLARED_SELECTOR = YES;
				GCC_WARN_UNINITIALIZED_AUTOS = YES_AGGRESSIVE;
				GCC_WARN_UNUSED_FUNCTION = YES;
				GCC_WARN_UNUSED_VARIABLE = YES;
				IPHONEOS_DEPLOYMENT_TARGET = 18.0;
				LOCALIZATION_PREFERS_STRING_CATALOGS = YES;
				MTL_ENABLE_DEBUG_INFO = INCLUDE_SOURCE;
				MTL_FAST_MATH = YES;
				ONLY_ACTIVE_ARCH = YES;
				SDKROOT = iphoneos;
				SWIFT_ACTIVE_COMPILATION_CONDITIONS = "DEBUG $(inherited)";
				SWIFT_OPTIMIZATION_LEVEL = "-Onone";
			};
			name = Debug;
		};
		FECD354B2CB568DB002A0777 /* Release */ = {
			isa = XCBuildConfiguration;
			buildSettings = {
				ALWAYS_SEARCH_USER_PATHS = NO;
				ASSETCATALOG_COMPILER_GENERATE_SWIFT_ASSET_SYMBOL_EXTENSIONS = YES;
				CLANG_ANALYZER_NONNULL = YES;
				CLANG_ANALYZER_NUMBER_OBJECT_CONVERSION = YES_AGGRESSIVE;
				CLANG_CXX_LANGUAGE_STANDARD = "gnu++20";
				CLANG_ENABLE_MODULES = YES;
				CLANG_ENABLE_OBJC_ARC = YES;
				CLANG_ENABLE_OBJC_WEAK = YES;
				CLANG_WARN_BLOCK_CAPTURE_AUTORELEASING = YES;
				CLANG_WARN_BOOL_CONVERSION = YES;
				CLANG_WARN_COMMA = YES;
				CLANG_WARN_CONSTANT_CONVERSION = YES;
				CLANG_WARN_DEPRECATED_OBJC_IMPLEMENTATIONS = YES;
				CLANG_WARN_DIRECT_OBJC_ISA_USAGE = YES_ERROR;
				CLANG_WARN_DOCUMENTATION_COMMENTS = YES;
				CLANG_WARN_EMPTY_BODY = YES;
				CLANG_WARN_ENUM_CONVERSION = YES;
				CLANG_WARN_INFINITE_RECURSION = YES;
				CLANG_WARN_INT_CONVERSION = YES;
				CLANG_WARN_NON_LITERAL_NULL_CONVERSION = YES;
				CLANG_WARN_OBJC_IMPLICIT_RETAIN_SELF = YES;
				CLANG_WARN_OBJC_LITERAL_CONVERSION = YES;
				CLANG_WARN_OBJC_ROOT_CLASS = YES_ERROR;
				CLANG_WARN_QUOTED_INCLUDE_IN_FRAMEWORK_HEADER = YES;
				CLANG_WARN_RANGE_LOOP_ANALYSIS = YES;
				CLANG_WARN_STRICT_PROTOTYPES = YES;
				CLANG_WARN_SUSPICIOUS_MOVE = YES;
				CLANG_WARN_UNGUARDED_AVAILABILITY = YES_AGGRESSIVE;
				CLANG_WARN_UNREACHABLE_CODE = YES;
				CLANG_WARN__DUPLICATE_METHOD_MATCH = YES;
				COPY_PHASE_STRIP = NO;
				DEBUG_INFORMATION_FORMAT = "dwarf-with-dsym";
				ENABLE_NS_ASSERTIONS = NO;
				ENABLE_STRICT_OBJC_MSGSEND = YES;
				ENABLE_USER_SCRIPT_SANDBOXING = YES;
				GCC_C_LANGUAGE_STANDARD = gnu17;
				GCC_NO_COMMON_BLOCKS = YES;
				GCC_WARN_64_TO_32_BIT_CONVERSION = YES;
				GCC_WARN_ABOUT_RETURN_TYPE = YES_ERROR;
				GCC_WARN_UNDECLARED_SELECTOR = YES;
				GCC_WARN_UNINITIALIZED_AUTOS = YES_AGGRESSIVE;
				GCC_WARN_UNUSED_FUNCTION = YES;
				GCC_WARN_UNUSED_VARIABLE = YES;
				IPHONEOS_DEPLOYMENT_TARGET = 18.0;
				LOCALIZATION_PREFERS_STRING_CATALOGS = YES;
				MTL_ENABLE_DEBUG_INFO = NO;
				MTL_FAST_MATH = YES;
				SDKROOT = iphoneos;
				SWIFT_COMPILATION_MODE = wholemodule;
				VALIDATE_PRODUCT = YES;
			};
			name = Release;
		};
		FECD354D2CB568DB002A0777 /* Debug */ = {
			isa = XCBuildConfiguration;
			buildSettings = {
				ASSETCATALOG_COMPILER_APPICON_NAME = AppIcon;
				ASSETCATALOG_COMPILER_GLOBAL_ACCENT_COLOR_NAME = AccentColor;
				CODE_SIGN_STYLE = Automatic;
				CURRENT_PROJECT_VERSION = 1;
				DEVELOPMENT_ASSET_PATHS = "\"SocialConsultations-SwiftUI/Preview Content\"";
				DEVELOPMENT_TEAM = 4Z458N49ZH;
				ENABLE_PREVIEWS = YES;
				GENERATE_INFOPLIST_FILE = YES;
				INFOPLIST_KEY_UIApplicationSceneManifest_Generation = YES;
				INFOPLIST_KEY_UIApplicationSupportsIndirectInputEvents = YES;
				INFOPLIST_KEY_UILaunchScreen_Generation = YES;
				INFOPLIST_KEY_UISupportedInterfaceOrientations_iPad = "UIInterfaceOrientationPortrait UIInterfaceOrientationPortraitUpsideDown UIInterfaceOrientationLandscapeLeft UIInterfaceOrientationLandscapeRight";
				INFOPLIST_KEY_UISupportedInterfaceOrientations_iPhone = "UIInterfaceOrientationPortrait UIInterfaceOrientationLandscapeLeft UIInterfaceOrientationLandscapeRight";
				LD_RUNPATH_SEARCH_PATHS = (
					"$(inherited)",
					"@executable_path/Frameworks",
				);
				MARKETING_VERSION = 1.0;
				PRODUCT_BUNDLE_IDENTIFIER = "co.pawelrudnik.SocialConsultations-SwiftUI";
				PRODUCT_NAME = "$(TARGET_NAME)";
				SWIFT_EMIT_LOC_STRINGS = YES;
				SWIFT_VERSION = 5.0;
				TARGETED_DEVICE_FAMILY = "1,2";
			};
			name = Debug;
		};
		FECD354E2CB568DB002A0777 /* Release */ = {
			isa = XCBuildConfiguration;
			buildSettings = {
				ASSETCATALOG_COMPILER_APPICON_NAME = AppIcon;
				ASSETCATALOG_COMPILER_GLOBAL_ACCENT_COLOR_NAME = AccentColor;
				CODE_SIGN_STYLE = Automatic;
				CURRENT_PROJECT_VERSION = 1;
				DEVELOPMENT_ASSET_PATHS = "\"SocialConsultations-SwiftUI/Preview Content\"";
				DEVELOPMENT_TEAM = 4Z458N49ZH;
				ENABLE_PREVIEWS = YES;
				GENERATE_INFOPLIST_FILE = YES;
				INFOPLIST_KEY_UIApplicationSceneManifest_Generation = YES;
				INFOPLIST_KEY_UIApplicationSupportsIndirectInputEvents = YES;
				INFOPLIST_KEY_UILaunchScreen_Generation = YES;
				INFOPLIST_KEY_UISupportedInterfaceOrientations_iPad = "UIInterfaceOrientationPortrait UIInterfaceOrientationPortraitUpsideDown UIInterfaceOrientationLandscapeLeft UIInterfaceOrientationLandscapeRight";
				INFOPLIST_KEY_UISupportedInterfaceOrientations_iPhone = "UIInterfaceOrientationPortrait UIInterfaceOrientationLandscapeLeft UIInterfaceOrientationLandscapeRight";
				LD_RUNPATH_SEARCH_PATHS = (
					"$(inherited)",
					"@executable_path/Frameworks",
				);
				MARKETING_VERSION = 1.0;
				PRODUCT_BUNDLE_IDENTIFIER = "co.pawelrudnik.SocialConsultations-SwiftUI";
				PRODUCT_NAME = "$(TARGET_NAME)";
				SWIFT_EMIT_LOC_STRINGS = YES;
				SWIFT_VERSION = 5.0;
				TARGETED_DEVICE_FAMILY = "1,2";
			};
			name = Release;
		};
/* End XCBuildConfiguration section */

/* Begin XCConfigurationList section */
		FECD35392CB568DA002A0777 /* Build configuration list for PBXProject "SocialConsultations-SwiftUI" */ = {
			isa = XCConfigurationList;
			buildConfigurations = (
				FECD354A2CB568DB002A0777 /* Debug */,
				FECD354B2CB568DB002A0777 /* Release */,
			);
			defaultConfigurationIsVisible = 0;
			defaultConfigurationName = Release;
		};
		FECD354C2CB568DB002A0777 /* Build configuration list for PBXNativeTarget "SocialConsultations-SwiftUI" */ = {
			isa = XCConfigurationList;
			buildConfigurations = (
				FECD354D2CB568DB002A0777 /* Debug */,
				FECD354E2CB568DB002A0777 /* Release */,
			);
			defaultConfigurationIsVisible = 0;
			defaultConfigurationName = Release;
		};
/* End XCConfigurationList section */
	};
	rootObject = FECD35362CB568DA002A0777 /* Project object */;
}
